<?xml version="1.0" encoding="utf-8"?>
<Project ToolsVersion="4.0" xmlns="http://schemas.microsoft.com/developer/msbuild/2003">
  <ItemGroup>
    <Filter Include="resources">
      <UniqueIdentifier>{67DA6AB6-F800-4c08-8B7A-83BB121AAD01}</UniqueIdentifier>
      <Extensions>qrc;rc;ico;cur;bmp;dlg;rc2;rct;bin;rgs;gif;jpg;jpeg;jpe;resx;tiff;tif;png;wav;mfcribbon-ms</Extensions>
    </Filter>
    <Filter Include="src">
      <UniqueIdentifier>{99349809-55BA-4b9d-BF79-8FDBB0286EB3}</UniqueIdentifier>
      <Extensions>ui</Extensions>
    </Filter>
    <Filter Include="src\config">
      <UniqueIdentifier>{b60af7af-22fb-4755-b72e-dde8fa599aab}</UniqueIdentifier>
    </Filter>
    <Filter Include="resources\styles">
      <UniqueIdentifier>{fdb20c59-6ec4-4dd7-a66b-49f47c492080}</UniqueIdentifier>
    </Filter>
  </ItemGroup>
  <ItemGroup>
    <ClCompile Include="..\..\src\main.cpp">
      <Filter>src</Filter>
    </ClCompile>
    <ClCompile Include="..\..\src\main_window.cpp">
      <Filter>src</Filter>
    </ClCompile>
    <ClCompile Include="..\..\src\StyleManager.cpp">
      <Filter>src</Filter>
    </ClCompile>
  </ItemGroup>
  <ItemGroup>
    <QtUic Include="..\..\src\main_window.ui">
      <Filter>src</Filter>
    </QtUic>
  </ItemGroup>
  <ItemGroup>
    <ClInclude Include="..\..\src\config\app_settings.h">
      <Filter>src\config</Filter>
    </ClInclude>
    <ClInclude Include="..\..\src\StyleManager.h">
      <Filter>src</Filter>
    </ClInclude>
  </ItemGroup>
  <ItemGroup>
    <QtRcc Include="..\..\resources\ZNote.qrc">
      <Filter>resources</Filter>
    </QtRcc>
  </ItemGroup>
  <ItemGroup>
    <QtMoc Include="..\..\src\main_window.h">
      <Filter>src</Filter>
    </QtMoc>
  </ItemGroup>
  <ItemGroup>
    <None Include="..\..\resources\styles\style.qss">
      <Filter>resources\styles</Filter>
    </None>
  </ItemGroup>
</Project>