<?xml version="1.0" encoding="utf-8"?>
<Project ToolsVersion="4.0" xmlns="http://schemas.microsoft.com/developer/msbuild/2003">
  <ItemGroup>
    <Filter Include="resources">
      <UniqueIdentifier>{67DA6AB6-F800-4c08-8B7A-83BB121AAD01}</UniqueIdentifier>
      <Extensions>qrc;rc;ico;cur;bmp;dlg;rc2;rct;bin;rgs;gif;jpg;jpeg;jpe;resx;tiff;tif;png;wav;mfcribbon-ms</Extensions>
    </Filter>
    <Filter Include="src">
      <UniqueIdentifier>{99349809-55BA-4b9d-BF79-8FDBB0286EB3}</UniqueIdentifier>
      <Extensions>ui</Extensions>
    </Filter>
    <Filter Include="src\config">
      <UniqueIdentifier>{b60af7af-22fb-4755-b72e-dde8fa599aab}</UniqueIdentifier>
    </Filter>
    <Filter Include="resources\styles">
      <UniqueIdentifier>{fdb20c59-6ec4-4dd7-a66b-49f47c492080}</UniqueIdentifier>
    </Filter>
    <Filter Include="resources\icons">
      <UniqueIdentifier>{94f7ea1e-986f-41db-ac8c-b096f902730f}</UniqueIdentifier>
    </Filter>
    <Filter Include="src\ui">
      <UniqueIdentifier>{080fb172-8134-4121-beb3-c2b16d712d89}</UniqueIdentifier>
    </Filter>
    <Filter Include="src\ui\dialogs">
      <UniqueIdentifier>{c5819261-d7f2-46b8-9495-06676bfa07d2}</UniqueIdentifier>
    </Filter>
    <Filter Include="src\ui\mainwindow">
      <UniqueIdentifier>{2abdc3f5-fa50-42e7-8236-4ff8d0e59626}</UniqueIdentifier>
    </Filter>
    <Filter Include="src\ui\widgets">
      <UniqueIdentifier>{16a73a2a-874a-4ce1-bdc4-38588cc7fc50}</UniqueIdentifier>
    </Filter>
  </ItemGroup>
  <ItemGroup>
    <ClCompile Include="..\..\src\main.cpp">
      <Filter>src</Filter>
    </ClCompile>
    <ClCompile Include="..\..\src\ui\widgets\tool_button.cpp">
      <Filter>src\ui\widgets</Filter>
    </ClCompile>
    <ClCompile Include="..\..\src\ui\dialogs\about_dialog.cpp">
      <Filter>src\ui\dialogs</Filter>
    </ClCompile>
    <ClCompile Include="..\..\src\ui\mainwindow\main_window.cpp">
      <Filter>src\ui\mainwindow</Filter>
    </ClCompile>
    <ClCompile Include="..\..\src\ui\style_manager.cpp">
      <Filter>src\ui</Filter>
    </ClCompile>
  </ItemGroup>
  <ItemGroup>
    <QtUic Include="..\..\src\ui\dialogs\about_dialog.ui">
      <Filter>src\ui\dialogs</Filter>
    </QtUic>
    <QtUic Include="..\..\src\ui\mainwindow\main_window.ui">
      <Filter>src\ui\mainwindow</Filter>
    </QtUic>
  </ItemGroup>
  <ItemGroup>
    <ClInclude Include="..\..\src\config\app_settings.h">
      <Filter>src\config</Filter>
    </ClInclude>
    <ClInclude Include="..\..\src\ui\style_manager.h">
      <Filter>src\ui</Filter>
    </ClInclude>
  </ItemGroup>
  <ItemGroup>
    <QtRcc Include="..\..\resources\ZNote.qrc">
      <Filter>resources</Filter>
    </QtRcc>
  </ItemGroup>
  <ItemGroup>
    <QtMoc Include="..\..\src\ui\widgets\tool_button.h">
      <Filter>src\ui\widgets</Filter>
    </QtMoc>
    <QtMoc Include="..\..\src\ui\dialogs\about_dialog.h">
      <Filter>src\ui\dialogs</Filter>
    </QtMoc>
    <QtMoc Include="..\..\src\ui\mainwindow\main_window.h">
      <Filter>src\ui\mainwindow</Filter>
    </QtMoc>
  </ItemGroup>
  <ItemGroup>
    <None Include="..\..\resources\styles\style.qss">
      <Filter>resources\styles</Filter>
    </None>
  </ItemGroup>
  <ItemGroup>
    <Text Include="..\..\CMakeLists.txt" />
    <Text Include="..\..\src\ui\dialogs\CMakeLists.txt">
      <Filter>src\ui\dialogs</Filter>
    </Text>
    <Text Include="..\..\src\ui\CMakeLists.txt">
      <Filter>src\ui</Filter>
    </Text>
    <Text Include="..\..\src\CMakeLists.txt">
      <Filter>src</Filter>
    </Text>
    <Text Include="..\..\src\ui\widgets\CMakeLists.txt">
      <Filter>src\ui\widgets</Filter>
    </Text>
    <Text Include="..\..\src\ui\mainwindow\CMakeLists.txt">
      <Filter>src\ui\mainwindow</Filter>
    </Text>
  </ItemGroup>
  <ItemGroup>
    <Image Include="..\..\resources\icons\main_icon.png">
      <Filter>resources\icons</Filter>
    </Image>
  </ItemGroup>
</Project>